
Microsoft Visual Studio Solution File, Format Version 12.00
# Visual Studio Version 17
VisualStudioVersion = 17.5.33516.290
MinimumVisualStudioVersion = 10.0.40219.1
Project("{FAE04EC0-301F-11D3-BF4B-00C04F79EFBC}") = "SistemaEscolar", "SistemaEscolar\SistemaEscolar.csproj", "{3AFD1AA5-EF1E-4A59-B7AD-D43F13D61F47}"
EndProject
Global
	GlobalSection(SolutionConfigurationPlatforms) = preSolution
		Debug|Any CPU = Debug|Any CPU
		Release|Any CPU = Release|Any CPU
	EndGlobalSection
	GlobalSection(ProjectConfigurationPlatforms) = postSolution
		{3AFD1AA5-EF1E-4A59-B7AD-D43F13D61F47}.Debug|Any CPU.ActiveCfg = Debug|Any CPU
		{3AFD1AA5-EF1E-4A59-B7AD-D43F13D61F47}.Debug|Any CPU.Build.0 = Debug|Any CPU
		{3AFD1AA5-EF1E-4A59-B7AD-D43F13D61F47}.Release|Any CPU.ActiveCfg = Release|Any CPU
		{3AFD1AA5-EF1E-4A59-B7AD-D43F13D61F47}.Release|Any CPU.Build.0 = Release|Any CPU
	EndGlobalSection
	GlobalSection(SolutionProperties) = preSolution
		HideSolutionNode = FALSE
	EndGlobalSection
	GlobalSection(ExtensibilityGlobals) = postSolution
		SolutionGuid = {6A6428F2-11EF-4764-847E-93046A7E415A}
	EndGlobalSection
EndGlobal
